// !$*UTF8*$!
{
	archiveVersion = 1;
	classes = {
	};
	objectVersion = 46;
	objects = {

/* Begin PBXBuildFile section */
		1388AFB0BD72FFC0BE57B072 /* libPods-Green carpenter Home.a in Frameworks */ = {isa = PBXBuildFile; fileRef = 33CD57F6F29CC5B41305EDE1 /* libPods-Green carpenter Home.a */; };
		355724491DD9A2F700B824ED /* QJMenuModel.m in Sources */ = {isa = PBXBuildFile; fileRef = 355724481DD9A2F700B824ED /* QJMenuModel.m */; };
		3557244C1DD9A7F800B824ED /* QJAddRightTableViewCell.m in Sources */ = {isa = PBXBuildFile; fileRef = 3557244B1DD9A7F800B824ED /* QJAddRightTableViewCell.m */; };
		3557245A1DD9B29B00B824ED /* NSString+PPNumberButton.m in Sources */ = {isa = PBXBuildFile; fileRef = 355724571DD9B29B00B824ED /* NSString+PPNumberButton.m */; };
		3557245B1DD9B29B00B824ED /* PPNumberButton.m in Sources */ = {isa = PBXBuildFile; fileRef = 355724591DD9B29B00B824ED /* PPNumberButton.m */; };
		3557245E1DD9BFEB00B824ED /* QJAddBottomView.m in Sources */ = {isa = PBXBuildFile; fileRef = 3557245D1DD9BFEB00B824ED /* QJAddBottomView.m */; };
		358310A11DD44ACC000B5CCB /* UIColor+QJColorHEX.m in Sources */ = {isa = PBXBuildFile; fileRef = 358310A01DD44ACC000B5CCB /* UIColor+QJColorHEX.m */; };
		358310A41DD45E29000B5CCB /* QJOrderCollectionViewCell.m in Sources */ = {isa = PBXBuildFile; fileRef = 358310A31DD45E29000B5CCB /* QJOrderCollectionViewCell.m */; };
		358310A71DD465F1000B5CCB /* QJDatePickerView.m in Sources */ = {isa = PBXBuildFile; fileRef = 358310A61DD465F1000B5CCB /* QJDatePickerView.m */; };
		358310AA1DD47ADD000B5CCB /* QJNavigationController.m in Sources */ = {isa = PBXBuildFile; fileRef = 358310A91DD47ADD000B5CCB /* QJNavigationController.m */; };
		358310AD1DD4962C000B5CCB /* UIImage+QJRadiuImage.m in Sources */ = {isa = PBXBuildFile; fileRef = 358310AC1DD4962C000B5CCB /* UIImage+QJRadiuImage.m */; };
		358310B21DD496C2000B5CCB /* YYFPSLabel.m in Sources */ = {isa = PBXBuildFile; fileRef = 358310AF1DD496C2000B5CCB /* YYFPSLabel.m */; };
		358310B31DD496C2000B5CCB /* YYWeakProxy.m in Sources */ = {isa = PBXBuildFile; fileRef = 358310B11DD496C2000B5CCB /* YYWeakProxy.m */; };
		3587D6461DD9684F00B46797 /* QJOrderCollectionBottomView.m in Sources */ = {isa = PBXBuildFile; fileRef = 3587D6451DD9684F00B46797 /* QJOrderCollectionBottomView.m */; };
		3587D64D1DD986A900B46797 /* QJSearchViewController.m in Sources */ = {isa = PBXBuildFile; fileRef = 3587D64C1DD986A900B46797 /* QJSearchViewController.m */; };
		3587D6571DD9888400B46797 /* QJAddViewController.m in Sources */ = {isa = PBXBuildFile; fileRef = 3587D6561DD9888400B46797 /* QJAddViewController.m */; };
		3587D65A1DD98D8E00B46797 /* QJAddDataManager.m in Sources */ = {isa = PBXBuildFile; fileRef = 3587D6591DD98D8E00B46797 /* QJAddDataManager.m */; };
		3587D65D1DD98F8D00B46797 /* QJAddLeftTableViewCell.m in Sources */ = {isa = PBXBuildFile; fileRef = 3587D65C1DD98F8D00B46797 /* QJAddLeftTableViewCell.m */; };
		3587D65F1DD99F3700B46797 /* dishes.PLIST in Resources */ = {isa = PBXBuildFile; fileRef = 3587D65E1DD99F3700B46797 /* dishes.PLIST */; };
		358BE0D01DD4226500044A9F /* AppDelegate.m in Sources */ = {isa = PBXBuildFile; fileRef = 358BE0C21DD4226500044A9F /* AppDelegate.m */; };
		358BE0D11DD4226500044A9F /* Assets.xcassets in Resources */ = {isa = PBXBuildFile; fileRef = 358BE0C31DD4226500044A9F /* Assets.xcassets */; };
		358BE0D21DD4226500044A9F /* LaunchScreen.storyboard in Resources */ = {isa = PBXBuildFile; fileRef = 358BE0C41DD4226500044A9F /* LaunchScreen.storyboard */; };
		358BE0D31DD4226500044A9F /* main.m in Sources */ = {isa = PBXBuildFile; fileRef = 358BE0C61DD4226500044A9F /* main.m */; };
		358BE0D61DD4229D00044A9F /* QJMainTabbarController.m in Sources */ = {isa = PBXBuildFile; fileRef = 358BE0D51DD4229D00044A9F /* QJMainTabbarController.m */; };
		358BE0D91DD4231000044A9F /* QJMyViewController.m in Sources */ = {isa = PBXBuildFile; fileRef = 358BE0D81DD4231000044A9F /* QJMyViewController.m */; };
		358BE0DC1DD4233000044A9F /* QJOrderViewController.m in Sources */ = {isa = PBXBuildFile; fileRef = 358BE0DB1DD4233000044A9F /* QJOrderViewController.m */; };
		358BE0DF1DD442D000044A9F /* QJOrderTitleView.m in Sources */ = {isa = PBXBuildFile; fileRef = 358BE0DE1DD442D000044A9F /* QJOrderTitleView.m */; };
/* End PBXBuildFile section */

/* Begin PBXFileReference section */
		33CD57F6F29CC5B41305EDE1 /* libPods-Green carpenter Home.a */ = {isa = PBXFileReference; explicitFileType = archive.ar; includeInIndex = 0; path = "libPods-Green carpenter Home.a"; sourceTree = BUILT_PRODUCTS_DIR; };
		355724471DD9A2F700B824ED /* QJMenuModel.h */ = {isa = PBXFileReference; fileEncoding = 4; lastKnownFileType = sourcecode.c.h; path = QJMenuModel.h; sourceTree = "<group>"; };
		355724481DD9A2F700B824ED /* QJMenuModel.m */ = {isa = PBXFileReference; fileEncoding = 4; lastKnownFileType = sourcecode.c.objc; path = QJMenuModel.m; sourceTree = "<group>"; };
		3557244A1DD9A7F800B824ED /* QJAddRightTableViewCell.h */ = {isa = PBXFileReference; fileEncoding = 4; lastKnownFileType = sourcecode.c.h; path = QJAddRightTableViewCell.h; sourceTree = "<group>"; };
		3557244B1DD9A7F800B824ED /* QJAddRightTableViewCell.m */ = {isa = PBXFileReference; fileEncoding = 4; lastKnownFileType = sourcecode.c.objc; path = QJAddRightTableViewCell.m; sourceTree = "<group>"; };
		355724561DD9B29B00B824ED /* NSString+PPNumberButton.h */ = {isa = PBXFileReference; fileEncoding = 4; lastKnownFileType = sourcecode.c.h; path = "NSString+PPNumberButton.h"; sourceTree = "<group>"; };
		355724571DD9B29B00B824ED /* NSString+PPNumberButton.m */ = {isa = PBXFileReference; fileEncoding = 4; lastKnownFileType = sourcecode.c.objc; path = "NSString+PPNumberButton.m"; sourceTree = "<group>"; };
		355724581DD9B29B00B824ED /* PPNumberButton.h */ = {isa = PBXFileReference; fileEncoding = 4; lastKnownFileType = sourcecode.c.h; path = PPNumberButton.h; sourceTree = "<group>"; };
		355724591DD9B29B00B824ED /* PPNumberButton.m */ = {isa = PBXFileReference; fileEncoding = 4; lastKnownFileType = sourcecode.c.objc; path = PPNumberButton.m; sourceTree = "<group>"; };
		3557245C1DD9BFEB00B824ED /* QJAddBottomView.h */ = {isa = PBXFileReference; fileEncoding = 4; lastKnownFileType = sourcecode.c.h; path = QJAddBottomView.h; sourceTree = "<group>"; };
		3557245D1DD9BFEB00B824ED /* QJAddBottomView.m */ = {isa = PBXFileReference; fileEncoding = 4; lastKnownFileType = sourcecode.c.objc; path = QJAddBottomView.m; sourceTree = "<group>"; };
		3583109F1DD44ACC000B5CCB /* UIColor+QJColorHEX.h */ = {isa = PBXFileReference; fileEncoding = 4; lastKnownFileType = sourcecode.c.h; path = "UIColor+QJColorHEX.h"; sourceTree = "<group>"; };
		358310A01DD44ACC000B5CCB /* UIColor+QJColorHEX.m */ = {isa = PBXFileReference; fileEncoding = 4; lastKnownFileType = sourcecode.c.objc; path = "UIColor+QJColorHEX.m"; sourceTree = "<group>"; };
		358310A21DD45E29000B5CCB /* QJOrderCollectionViewCell.h */ = {isa = PBXFileReference; fileEncoding = 4; lastKnownFileType = sourcecode.c.h; path = QJOrderCollectionViewCell.h; sourceTree = "<group>"; };
		358310A31DD45E29000B5CCB /* QJOrderCollectionViewCell.m */ = {isa = PBXFileReference; fileEncoding = 4; lastKnownFileType = sourcecode.c.objc; path = QJOrderCollectionViewCell.m; sourceTree = "<group>"; };
		358310A51DD465F1000B5CCB /* QJDatePickerView.h */ = {isa = PBXFileReference; fileEncoding = 4; lastKnownFileType = sourcecode.c.h; path = QJDatePickerView.h; sourceTree = "<group>"; };
		358310A61DD465F1000B5CCB /* QJDatePickerView.m */ = {isa = PBXFileReference; fileEncoding = 4; lastKnownFileType = sourcecode.c.objc; path = QJDatePickerView.m; sourceTree = "<group>"; };
		358310A81DD47ADD000B5CCB /* QJNavigationController.h */ = {isa = PBXFileReference; fileEncoding = 4; lastKnownFileType = sourcecode.c.h; path = QJNavigationController.h; sourceTree = "<group>"; };
		358310A91DD47ADD000B5CCB /* QJNavigationController.m */ = {isa = PBXFileReference; fileEncoding = 4; lastKnownFileType = sourcecode.c.objc; path = QJNavigationController.m; sourceTree = "<group>"; };
		358310AB1DD4962C000B5CCB /* UIImage+QJRadiuImage.h */ = {isa = PBXFileReference; fileEncoding = 4; lastKnownFileType = sourcecode.c.h; path = "UIImage+QJRadiuImage.h"; sourceTree = "<group>"; };
		358310AC1DD4962C000B5CCB /* UIImage+QJRadiuImage.m */ = {isa = PBXFileReference; fileEncoding = 4; lastKnownFileType = sourcecode.c.objc; path = "UIImage+QJRadiuImage.m"; sourceTree = "<group>"; };
		358310AE1DD496C2000B5CCB /* YYFPSLabel.h */ = {isa = PBXFileReference; fileEncoding = 4; lastKnownFileType = sourcecode.c.h; path = YYFPSLabel.h; sourceTree = "<group>"; };
		358310AF1DD496C2000B5CCB /* YYFPSLabel.m */ = {isa = PBXFileReference; fileEncoding = 4; lastKnownFileType = sourcecode.c.objc; path = YYFPSLabel.m; sourceTree = "<group>"; };
		358310B01DD496C2000B5CCB /* YYWeakProxy.h */ = {isa = PBXFileReference; fileEncoding = 4; lastKnownFileType = sourcecode.c.h; path = YYWeakProxy.h; sourceTree = "<group>"; };
		358310B11DD496C2000B5CCB /* YYWeakProxy.m */ = {isa = PBXFileReference; fileEncoding = 4; lastKnownFileType = sourcecode.c.objc; path = YYWeakProxy.m; sourceTree = "<group>"; };
		3587D6441DD9684F00B46797 /* QJOrderCollectionBottomView.h */ = {isa = PBXFileReference; fileEncoding = 4; lastKnownFileType = sourcecode.c.h; path = QJOrderCollectionBottomView.h; sourceTree = "<group>"; };
		3587D6451DD9684F00B46797 /* QJOrderCollectionBottomView.m */ = {isa = PBXFileReference; fileEncoding = 4; lastKnownFileType = sourcecode.c.objc; path = QJOrderCollectionBottomView.m; sourceTree = "<group>"; };
		3587D64B1DD986A900B46797 /* QJSearchViewController.h */ = {isa = PBXFileReference; fileEncoding = 4; lastKnownFileType = sourcecode.c.h; path = QJSearchViewController.h; sourceTree = "<group>"; };
		3587D64C1DD986A900B46797 /* QJSearchViewController.m */ = {isa = PBXFileReference; fileEncoding = 4; lastKnownFileType = sourcecode.c.objc; path = QJSearchViewController.m; sourceTree = "<group>"; };
		3587D6551DD9888400B46797 /* QJAddViewController.h */ = {isa = PBXFileReference; fileEncoding = 4; lastKnownFileType = sourcecode.c.h; path = QJAddViewController.h; sourceTree = "<group>"; };
		3587D6561DD9888400B46797 /* QJAddViewController.m */ = {isa = PBXFileReference; fileEncoding = 4; lastKnownFileType = sourcecode.c.objc; path = QJAddViewController.m; sourceTree = "<group>"; };
		3587D6581DD98D8E00B46797 /* QJAddDataManager.h */ = {isa = PBXFileReference; fileEncoding = 4; lastKnownFileType = sourcecode.c.h; name = QJAddDataManager.h; path = ../View/QJAddDataManager.h; sourceTree = "<group>"; };
		3587D6591DD98D8E00B46797 /* QJAddDataManager.m */ = {isa = PBXFileReference; fileEncoding = 4; lastKnownFileType = sourcecode.c.objc; name = QJAddDataManager.m; path = ../View/QJAddDataManager.m; sourceTree = "<group>"; };
		3587D65B1DD98F8D00B46797 /* QJAddLeftTableViewCell.h */ = {isa = PBXFileReference; fileEncoding = 4; lastKnownFileType = sourcecode.c.h; path = QJAddLeftTableViewCell.h; sourceTree = "<group>"; };
		3587D65C1DD98F8D00B46797 /* QJAddLeftTableViewCell.m */ = {isa = PBXFileReference; fileEncoding = 4; lastKnownFileType = sourcecode.c.objc; path = QJAddLeftTableViewCell.m; sourceTree = "<group>"; };
		3587D65E1DD99F3700B46797 /* dishes.PLIST */ = {isa = PBXFileReference; fileEncoding = 4; lastKnownFileType = text.plist.xml; path = dishes.PLIST; sourceTree = "<group>"; };
		358BE0A51DD4214F00044A9F /* Green carpenter Home.app */ = {isa = PBXFileReference; explicitFileType = wrapper.application; includeInIndex = 0; path = "Green carpenter Home.app"; sourceTree = BUILT_PRODUCTS_DIR; };
		358BE0B91DD4214F00044A9F /* Info.plist */ = {isa = PBXFileReference; lastKnownFileType = text.plist.xml; path = Info.plist; sourceTree = "<group>"; };
		358BE0C11DD4226500044A9F /* AppDelegate.h */ = {isa = PBXFileReference; fileEncoding = 4; lastKnownFileType = sourcecode.c.h; path = AppDelegate.h; sourceTree = "<group>"; };
		358BE0C21DD4226500044A9F /* AppDelegate.m */ = {isa = PBXFileReference; fileEncoding = 4; lastKnownFileType = sourcecode.c.objc; path = AppDelegate.m; sourceTree = "<group>"; };
		358BE0C31DD4226500044A9F /* Assets.xcassets */ = {isa = PBXFileReference; lastKnownFileType = folder.assetcatalog; path = Assets.xcassets; sourceTree = "<group>"; };
		358BE0C51DD4226500044A9F /* Base */ = {isa = PBXFileReference; lastKnownFileType = file.storyboard; name = Base; path = Base.lproj/LaunchScreen.storyboard; sourceTree = "<group>"; };
		358BE0C61DD4226500044A9F /* main.m */ = {isa = PBXFileReference; fileEncoding = 4; lastKnownFileType = sourcecode.c.objc; path = main.m; sourceTree = "<group>"; };
		358BE0D41DD4229D00044A9F /* QJMainTabbarController.h */ = {isa = PBXFileReference; fileEncoding = 4; lastKnownFileType = sourcecode.c.h; path = QJMainTabbarController.h; sourceTree = "<group>"; };
		358BE0D51DD4229D00044A9F /* QJMainTabbarController.m */ = {isa = PBXFileReference; fileEncoding = 4; lastKnownFileType = sourcecode.c.objc; path = QJMainTabbarController.m; sourceTree = "<group>"; };
		358BE0D71DD4231000044A9F /* QJMyViewController.h */ = {isa = PBXFileReference; fileEncoding = 4; lastKnownFileType = sourcecode.c.h; path = QJMyViewController.h; sourceTree = "<group>"; };
		358BE0D81DD4231000044A9F /* QJMyViewController.m */ = {isa = PBXFileReference; fileEncoding = 4; lastKnownFileType = sourcecode.c.objc; path = QJMyViewController.m; sourceTree = "<group>"; };
		358BE0DA1DD4233000044A9F /* QJOrderViewController.h */ = {isa = PBXFileReference; fileEncoding = 4; lastKnownFileType = sourcecode.c.h; name = QJOrderViewController.h; path = ../QJOrderViewController.h; sourceTree = "<group>"; };
		358BE0DB1DD4233000044A9F /* QJOrderViewController.m */ = {isa = PBXFileReference; fileEncoding = 4; lastKnownFileType = sourcecode.c.objc; name = QJOrderViewController.m; path = ../QJOrderViewController.m; sourceTree = "<group>"; };
		358BE0DD1DD442D000044A9F /* QJOrderTitleView.h */ = {isa = PBXFileReference; fileEncoding = 4; lastKnownFileType = sourcecode.c.h; path = QJOrderTitleView.h; sourceTree = "<group>"; };
		358BE0DE1DD442D000044A9F /* QJOrderTitleView.m */ = {isa = PBXFileReference; fileEncoding = 4; lastKnownFileType = sourcecode.c.objc; path = QJOrderTitleView.m; sourceTree = "<group>"; };
		65FF5477D821C281F1A58FBB /* Pods-Green carpenter Home.release.xcconfig */ = {isa = PBXFileReference; includeInIndex = 1; lastKnownFileType = text.xcconfig; name = "Pods-Green carpenter Home.release.xcconfig"; path = "Pods/Target Support Files/Pods-Green carpenter Home/Pods-Green carpenter Home.release.xcconfig"; sourceTree = "<group>"; };
		BF3D2370AD7254AAE7834239 /* Pods-Green carpenter Home.debug.xcconfig */ = {isa = PBXFileReference; includeInIndex = 1; lastKnownFileType = text.xcconfig; name = "Pods-Green carpenter Home.debug.xcconfig"; path = "Pods/Target Support Files/Pods-Green carpenter Home/Pods-Green carpenter Home.debug.xcconfig"; sourceTree = "<group>"; };
/* End PBXFileReference section */

/* Begin PBXFrameworksBuildPhase section */
		358BE0A21DD4214F00044A9F /* Frameworks */ = {
			isa = PBXFrameworksBuildPhase;
			buildActionMask = 2147483647;
			files = (
				1388AFB0BD72FFC0BE57B072 /* libPods-Green carpenter Home.a in Frameworks */,
			);
			runOnlyForDeploymentPostprocessing = 0;
		};
/* End PBXFrameworksBuildPhase section */

/* Begin PBXGroup section */
		1EB396E01DAF36B5FC58EEA5 /* Pods */ = {
			isa = PBXGroup;
			children = (
				BF3D2370AD7254AAE7834239 /* Pods-Green carpenter Home.debug.xcconfig */,
				65FF5477D821C281F1A58FBB /* Pods-Green carpenter Home.release.xcconfig */,
			);
			name = Pods;
			sourceTree = "<group>";
		};
		355724551DD9B29B00B824ED /* PPNumberButton */ = {
			isa = PBXGroup;
			children = (
				355724561DD9B29B00B824ED /* NSString+PPNumberButton.h */,
				355724571DD9B29B00B824ED /* NSString+PPNumberButton.m */,
				355724581DD9B29B00B824ED /* PPNumberButton.h */,
				355724591DD9B29B00B824ED /* PPNumberButton.m */,
			);
			path = PPNumberButton;
			sourceTree = "<group>";
		};
		3587D6471DD9869100B46797 /* 搜索 */ = {
			isa = PBXGroup;
			children = (
				3587D6481DD9869100B46797 /* Controller */,
				3587D6491DD9869100B46797 /* Model */,
				3587D64A1DD9869100B46797 /* View */,
			);
			path = "搜索";
			sourceTree = "<group>";
		};
		3587D6481DD9869100B46797 /* Controller */ = {
			isa = PBXGroup;
			children = (
				3587D64B1DD986A900B46797 /* QJSearchViewController.h */,
				3587D64C1DD986A900B46797 /* QJSearchViewController.m */,
			);
			path = Controller;
			sourceTree = "<group>";
		};
		3587D6491DD9869100B46797 /* Model */ = {
			isa = PBXGroup;
			children = (
			);
			path = Model;
			sourceTree = "<group>";
		};
		3587D64A1DD9869100B46797 /* View */ = {
			isa = PBXGroup;
			children = (
			);
			path = View;
			sourceTree = "<group>";
		};
		3587D64E1DD9887200B46797 /* 添加 */ = {
			isa = PBXGroup;
			children = (
				3587D64F1DD9887200B46797 /* Controller */,
				3587D6521DD9887200B46797 /* Model */,
				3587D6531DD9887200B46797 /* View */,
			);
			path = "添加";
			sourceTree = "<group>";
		};
		3587D64F1DD9887200B46797 /* Controller */ = {
			isa = PBXGroup;
			children = (
				3587D6551DD9888400B46797 /* QJAddViewController.h */,
				3587D6561DD9888400B46797 /* QJAddViewController.m */,
			);
			path = Controller;
			sourceTree = "<group>";
		};
		3587D6521DD9887200B46797 /* Model */ = {
			isa = PBXGroup;
			children = (
				3587D6581DD98D8E00B46797 /* QJAddDataManager.h */,
				3587D6591DD98D8E00B46797 /* QJAddDataManager.m */,
				3587D65E1DD99F3700B46797 /* dishes.PLIST */,
				355724471DD9A2F700B824ED /* QJMenuModel.h */,
				355724481DD9A2F700B824ED /* QJMenuModel.m */,
			);
			path = Model;
			sourceTree = "<group>";
		};
		3587D6531DD9887200B46797 /* View */ = {
			isa = PBXGroup;
			children = (
				355724551DD9B29B00B824ED /* PPNumberButton */,
				3587D65B1DD98F8D00B46797 /* QJAddLeftTableViewCell.h */,
				3587D65C1DD98F8D00B46797 /* QJAddLeftTableViewCell.m */,
				3557244A1DD9A7F800B824ED /* QJAddRightTableViewCell.h */,
				3557244B1DD9A7F800B824ED /* QJAddRightTableViewCell.m */,
				3557245C1DD9BFEB00B824ED /* QJAddBottomView.h */,
				3557245D1DD9BFEB00B824ED /* QJAddBottomView.m */,
			);
			path = View;
			sourceTree = "<group>";
		};
		358BE09C1DD4214F00044A9F = {
			isa = PBXGroup;
			children = (
				358BE0A71DD4214F00044A9F /* Green carpenter Home */,
				358BE0A61DD4214F00044A9F /* Products */,
				1EB396E01DAF36B5FC58EEA5 /* Pods */,
				C2C09DA6CE07B0CE4DD4E1C1 /* Frameworks */,
			);
			sourceTree = "<group>";
		};
		358BE0A61DD4214F00044A9F /* Products */ = {
			isa = PBXGroup;
			children = (
				358BE0A51DD4214F00044A9F /* Green carpenter Home.app */,
			);
			name = Products;
			sourceTree = "<group>";
		};
		358BE0A71DD4214F00044A9F /* Green carpenter Home */ = {
			isa = PBXGroup;
			children = (
				358BE0BF1DD4226500044A9F /* Class */,
				358BE0A81DD4214F00044A9F /* Supporting Files */,
			);
			path = "Green carpenter Home";
			sourceTree = "<group>";
		};
		358BE0A81DD4214F00044A9F /* Supporting Files */ = {
			isa = PBXGroup;
			children = (
				358BE0B91DD4214F00044A9F /* Info.plist */,
			);
			name = "Supporting Files";
			sourceTree = "<group>";
		};
		358BE0BF1DD4226500044A9F /* Class */ = {
			isa = PBXGroup;
			children = (
				3587D64E1DD9887200B46797 /* 添加 */,
				3587D6471DD9869100B46797 /* 搜索 */,
				358BE0C01DD4226500044A9F /* Other */,
				358BE0C71DD4226500044A9F /* Main */,
				358BE0C81DD4226500044A9F /* 我的信息 */,
				358BE0CC1DD4226500044A9F /* 订单 */,
			);
			path = Class;
			sourceTree = "<group>";
		};
		358BE0C01DD4226500044A9F /* Other */ = {
			isa = PBXGroup;
			children = (
				358BE0C41DD4226500044A9F /* LaunchScreen.storyboard */,
				358BE0C11DD4226500044A9F /* AppDelegate.h */,
				358BE0C21DD4226500044A9F /* AppDelegate.m */,
				358BE0C31DD4226500044A9F /* Assets.xcassets */,
				358BE0C61DD4226500044A9F /* main.m */,
			);
			path = Other;
			sourceTree = "<group>";
		};
		358BE0C71DD4226500044A9F /* Main */ = {
			isa = PBXGroup;
			children = (
				358310AE1DD496C2000B5CCB /* YYFPSLabel.h */,
				358310AF1DD496C2000B5CCB /* YYFPSLabel.m */,
				358310B01DD496C2000B5CCB /* YYWeakProxy.h */,
				358310B11DD496C2000B5CCB /* YYWeakProxy.m */,
				358BE0D41DD4229D00044A9F /* QJMainTabbarController.h */,
				358BE0D51DD4229D00044A9F /* QJMainTabbarController.m */,
				3583109F1DD44ACC000B5CCB /* UIColor+QJColorHEX.h */,
				358310A01DD44ACC000B5CCB /* UIColor+QJColorHEX.m */,
				358310A81DD47ADD000B5CCB /* QJNavigationController.h */,
				358310A91DD47ADD000B5CCB /* QJNavigationController.m */,
				358310AB1DD4962C000B5CCB /* UIImage+QJRadiuImage.h */,
				358310AC1DD4962C000B5CCB /* UIImage+QJRadiuImage.m */,
			);
			name = Main;
			path = Tabbar;
			sourceTree = "<group>";
		};
		358BE0C81DD4226500044A9F /* 我的信息 */ = {
			isa = PBXGroup;
			children = (
				358BE0C91DD4226500044A9F /* Controller */,
				358BE0CA1DD4226500044A9F /* Model */,
				358BE0CB1DD4226500044A9F /* View */,
			);
			path = "我的信息";
			sourceTree = "<group>";
		};
		358BE0C91DD4226500044A9F /* Controller */ = {
			isa = PBXGroup;
			children = (
				358BE0D71DD4231000044A9F /* QJMyViewController.h */,
				358BE0D81DD4231000044A9F /* QJMyViewController.m */,
			);
			path = Controller;
			sourceTree = "<group>";
		};
		358BE0CA1DD4226500044A9F /* Model */ = {
			isa = PBXGroup;
			children = (
			);
			path = Model;
			sourceTree = "<group>";
		};
		358BE0CB1DD4226500044A9F /* View */ = {
			isa = PBXGroup;
			children = (
			);
			path = View;
			sourceTree = "<group>";
		};
		358BE0CC1DD4226500044A9F /* 订单 */ = {
			isa = PBXGroup;
			children = (
				358BE0CD1DD4226500044A9F /* Controller */,
				358BE0CE1DD4226500044A9F /* Model */,
				358BE0CF1DD4226500044A9F /* View */,
			);
			path = "订单";
			sourceTree = "<group>";
		};
		358BE0CD1DD4226500044A9F /* Controller */ = {
			isa = PBXGroup;
			children = (
				358BE0DA1DD4233000044A9F /* QJOrderViewController.h */,
				358BE0DB1DD4233000044A9F /* QJOrderViewController.m */,
			);
			path = Controller;
			sourceTree = "<group>";
		};
		358BE0CE1DD4226500044A9F /* Model */ = {
			isa = PBXGroup;
			children = (
			);
			path = Model;
			sourceTree = "<group>";
		};
		358BE0CF1DD4226500044A9F /* View */ = {
			isa = PBXGroup;
			children = (
				358BE0DD1DD442D000044A9F /* QJOrderTitleView.h */,
				358BE0DE1DD442D000044A9F /* QJOrderTitleView.m */,
				358310A21DD45E29000B5CCB /* QJOrderCollectionViewCell.h */,
				358310A31DD45E29000B5CCB /* QJOrderCollectionViewCell.m */,
				358310A51DD465F1000B5CCB /* QJDatePickerView.h */,
				358310A61DD465F1000B5CCB /* QJDatePickerView.m */,
				3587D6441DD9684F00B46797 /* QJOrderCollectionBottomView.h */,
				3587D6451DD9684F00B46797 /* QJOrderCollectionBottomView.m */,
			);
			path = View;
			sourceTree = "<group>";
		};
		C2C09DA6CE07B0CE4DD4E1C1 /* Frameworks */ = {
			isa = PBXGroup;
			children = (
				33CD57F6F29CC5B41305EDE1 /* libPods-Green carpenter Home.a */,
			);
			name = Frameworks;
			sourceTree = "<group>";
		};
/* End PBXGroup section */

/* Begin PBXNativeTarget section */
		358BE0A41DD4214F00044A9F /* Green carpenter Home */ = {
			isa = PBXNativeTarget;
			buildConfigurationList = 358BE0BC1DD4214F00044A9F /* Build configuration list for PBXNativeTarget "Green carpenter Home" */;
			buildPhases = (
				CBD8D005CE9126BADE1D3E6F /* [CP] Check Pods Manifest.lock */,
				358BE0A11DD4214F00044A9F /* Sources */,
				358BE0A21DD4214F00044A9F /* Frameworks */,
				358BE0A31DD4214F00044A9F /* Resources */,
				6C69A20E513690B70E37C6ED /* [CP] Embed Pods Frameworks */,
				DC8D26BF8D3616DF171EECC7 /* [CP] Copy Pods Resources */,
			);
			buildRules = (
			);
			dependencies = (
			);
			name = "Green carpenter Home";
			productName = "Green carpenter Home";
			productReference = 358BE0A51DD4214F00044A9F /* Green carpenter Home.app */;
			productType = "com.apple.product-type.application";
		};
/* End PBXNativeTarget section */

/* Begin PBXProject section */
		358BE09D1DD4214F00044A9F /* Project object */ = {
			isa = PBXProject;
			attributes = {
				CLASSPREFIX = QJ;
				LastUpgradeCheck = 0800;
				ORGANIZATIONNAME = "Green carpenter Home";
				TargetAttributes = {
					358BE0A41DD4214F00044A9F = {
						CreatedOnToolsVersion = 8.0;
						DevelopmentTeam = K786QX52SJ;
						ProvisioningStyle = Automatic;
					};
				};
			};
			buildConfigurationList = 358BE0A01DD4214F00044A9F /* Build configuration list for PBXProject "Green carpenter Home" */;
			compatibilityVersion = "Xcode 3.2";
			developmentRegion = English;
			hasScannedForEncodings = 0;
			knownRegions = (
				en,
				Base,
			);
			mainGroup = 358BE09C1DD4214F00044A9F;
			productRefGroup = 358BE0A61DD4214F00044A9F /* Products */;
			projectDirPath = "";
			projectRoot = "";
			targets = (
				358BE0A41DD4214F00044A9F /* Green carpenter Home */,
			);
		};
/* End PBXProject section */

/* Begin PBXResourcesBuildPhase section */
		358BE0A31DD4214F00044A9F /* Resources */ = {
			isa = PBXResourcesBuildPhase;
			buildActionMask = 2147483647;
			files = (
				358BE0D21DD4226500044A9F /* LaunchScreen.storyboard in Resources */,
				3587D65F1DD99F3700B46797 /* dishes.PLIST in Resources */,
				358BE0D11DD4226500044A9F /* Assets.xcassets in Resources */,
			);
			runOnlyForDeploymentPostprocessing = 0;
		};
/* End PBXResourcesBuildPhase section */

/* Begin PBXShellScriptBuildPhase section */
		6C69A20E513690B70E37C6ED /* [CP] Embed Pods Frameworks */ = {
			isa = PBXShellScriptBuildPhase;
			buildActionMask = 2147483647;
			files = (
			);
			inputPaths = (
			);
			name = "[CP] Embed Pods Frameworks";
			outputPaths = (
			);
			runOnlyForDeploymentPostprocessing = 0;
			shellPath = /bin/sh;
			shellScript = "\"${SRCROOT}/Pods/Target Support Files/Pods-Green carpenter Home/Pods-Green carpenter Home-frameworks.sh\"\n";
			showEnvVarsInLog = 0;
		};
		CBD8D005CE9126BADE1D3E6F /* [CP] Check Pods Manifest.lock */ = {
			isa = PBXShellScriptBuildPhase;
			buildActionMask = 2147483647;
			files = (
			);
			inputPaths = (
			);
			name = "[CP] Check Pods Manifest.lock";
			outputPaths = (
			);
			runOnlyForDeploymentPostprocessing = 0;
			shellPath = /bin/sh;
			shellScript = "diff \"${PODS_ROOT}/../Podfile.lock\" \"${PODS_ROOT}/Manifest.lock\" > /dev/null\nif [[ $? != 0 ]] ; then\n    cat << EOM\nerror: The sandbox is not in sync with the Podfile.lock. Run 'pod install' or update your CocoaPods installation.\nEOM\n    exit 1\nfi\n";
			showEnvVarsInLog = 0;
		};
		DC8D26BF8D3616DF171EECC7 /* [CP] Copy Pods Resources */ = {
			isa = PBXShellScriptBuildPhase;
			buildActionMask = 2147483647;
			files = (
			);
			inputPaths = (
			);
			name = "[CP] Copy Pods Resources";
			outputPaths = (
			);
			runOnlyForDeploymentPostprocessing = 0;
			shellPath = /bin/sh;
			shellScript = "\"${SRCROOT}/Pods/Target Support Files/Pods-Green carpenter Home/Pods-Green carpenter Home-resources.sh\"\n";
			showEnvVarsInLog = 0;
		};
/* End PBXShellScriptBuildPhase section */

/* Begin PBXSourcesBuildPhase section */
		358BE0A11DD4214F00044A9F /* Sources */ = {
			isa = PBXSourcesBuildPhase;
			buildActionMask = 2147483647;
			files = (
				3557245A1DD9B29B00B824ED /* NSString+PPNumberButton.m in Sources */,
				3587D65A1DD98D8E00B46797 /* QJAddDataManager.m in Sources */,
				358310AA1DD47ADD000B5CCB /* QJNavigationController.m in Sources */,
				3587D6461DD9684F00B46797 /* QJOrderCollectionBottomView.m in Sources */,
				358310A11DD44ACC000B5CCB /* UIColor+QJColorHEX.m in Sources */,
				3587D6571DD9888400B46797 /* QJAddViewController.m in Sources */,
				3557244C1DD9A7F800B824ED /* QJAddRightTableViewCell.m in Sources */,
				358BE0D31DD4226500044A9F /* main.m in Sources */,
				3557245E1DD9BFEB00B824ED /* QJAddBottomView.m in Sources */,
				358310AD1DD4962C000B5CCB /* UIImage+QJRadiuImage.m in Sources */,
				358BE0D01DD4226500044A9F /* AppDelegate.m in Sources */,
				358310A71DD465F1000B5CCB /* QJDatePickerView.m in Sources */,
				358310B21DD496C2000B5CCB /* YYFPSLabel.m in Sources */,
				358310B31DD496C2000B5CCB /* YYWeakProxy.m in Sources */,
				358BE0DC1DD4233000044A9F /* QJOrderViewController.m in Sources */,
				358310A41DD45E29000B5CCB /* QJOrderCollectionViewCell.m in Sources */,
				358BE0DF1DD442D000044A9F /* QJOrderTitleView.m in Sources */,
				358BE0D61DD4229D00044A9F /* QJMainTabbarController.m in Sources */,
				355724491DD9A2F700B824ED /* QJMenuModel.m in Sources */,
				3557245B1DD9B29B00B824ED /* PPNumberButton.m in Sources */,
				358BE0D91DD4231000044A9F /* QJMyViewController.m in Sources */,
				3587D64D1DD986A900B46797 /* QJSearchViewController.m in Sources */,
				3587D65D1DD98F8D00B46797 /* QJAddLeftTableViewCell.m in Sources */,
			);
			runOnlyForDeploymentPostprocessing = 0;
		};
/* End PBXSourcesBuildPhase section */

/* Begin PBXVariantGroup section */
		358BE0C41DD4226500044A9F /* LaunchScreen.storyboard */ = {
			isa = PBXVariantGroup;
			children = (
				358BE0C51DD4226500044A9F /* Base */,
			);
			name = LaunchScreen.storyboard;
			sourceTree = "<group>";
		};
/* End PBXVariantGroup section */

/* Begin XCBuildConfiguration section */
		358BE0BA1DD4214F00044A9F /* Debug */ = {
			isa = XCBuildConfiguration;
			buildSettings = {
				ALWAYS_SEARCH_USER_PATHS = NO;
				CLANG_ANALYZER_NONNULL = YES;
				CLANG_CXX_LANGUAGE_STANDARD = "gnu++0x";
				CLANG_CXX_LIBRARY = "libc++";
				CLANG_ENABLE_MODULES = YES;
				CLANG_ENABLE_OBJC_ARC = YES;
				CLANG_WARN_BOOL_CONVERSION = YES;
				CLANG_WARN_CONSTANT_CONVERSION = YES;
				CLANG_WARN_DIRECT_OBJC_ISA_USAGE = YES_ERROR;
				CLANG_WARN_DOCUMENTATION_COMMENTS = YES;
				CLANG_WARN_EMPTY_BODY = YES;
				CLANG_WARN_ENUM_CONVERSION = YES;
				CLANG_WARN_INFINITE_RECURSION = YES;
				CLANG_WARN_INT_CONVERSION = YES;
				CLANG_WARN_OBJC_ROOT_CLASS = YES_ERROR;
				CLANG_WARN_SUSPICIOUS_MOVE = YES;
				CLANG_WARN_SUSPICIOUS_MOVES = YES;
				CLANG_WARN_UNREACHABLE_CODE = YES;
				CLANG_WARN__DUPLICATE_METHOD_MATCH = YES;
				"CODE_SIGN_IDENTITY[sdk=iphoneos*]" = "iPhone Developer";
				COPY_PHASE_STRIP = NO;
				DEBUG_INFORMATION_FORMAT = dwarf;
				ENABLE_STRICT_OBJC_MSGSEND = YES;
				ENABLE_TESTABILITY = YES;
				GCC_C_LANGUAGE_STANDARD = gnu99;
				GCC_DYNAMIC_NO_PIC = NO;
				GCC_NO_COMMON_BLOCKS = YES;
				GCC_OPTIMIZATION_LEVEL = 0;
				GCC_PREPROCESSOR_DEFINITIONS = (
					"DEBUG=1",
					"$(inherited)",
				);
				GCC_WARN_64_TO_32_BIT_CONVERSION = YES;
				GCC_WARN_ABOUT_RETURN_TYPE = YES_ERROR;
				GCC_WARN_UNDECLARED_SELECTOR = YES;
				GCC_WARN_UNINITIALIZED_AUTOS = YES_AGGRESSIVE;
				GCC_WARN_UNUSED_FUNCTION = YES;
				GCC_WARN_UNUSED_VARIABLE = YES;
				IPHONEOS_DEPLOYMENT_TARGET = 10.0;
				MTL_ENABLE_DEBUG_INFO = YES;
				ONLY_ACTIVE_ARCH = YES;
				SDKROOT = iphoneos;
			};
			name = Debug;
		};
		358BE0BB1DD4214F00044A9F /* Release */ = {
			isa = XCBuildConfiguration;
			buildSettings = {
				ALWAYS_SEARCH_USER_PATHS = NO;
				CLANG_ANALYZER_NONNULL = YES;
				CLANG_CXX_LANGUAGE_STANDARD = "gnu++0x";
				CLANG_CXX_LIBRARY = "libc++";
				CLANG_ENABLE_MODULES = YES;
				CLANG_ENABLE_OBJC_ARC = YES;
				CLANG_WARN_BOOL_CONVERSION = YES;
				CLANG_WARN_CONSTANT_CONVERSION = YES;
				CLANG_WARN_DIRECT_OBJC_ISA_USAGE = YES_ERROR;
				CLANG_WARN_DOCUMENTATION_COMMENTS = YES;
				CLANG_WARN_EMPTY_BODY = YES;
				CLANG_WARN_ENUM_CONVERSION = YES;
				CLANG_WARN_INFINITE_RECURSION = YES;
				CLANG_WARN_INT_CONVERSION = YES;
				CLANG_WARN_OBJC_ROOT_CLASS = YES_ERROR;
				CLANG_WARN_SUSPICIOUS_MOVE = YES;
				CLANG_WARN_SUSPICIOUS_MOVES = YES;
				CLANG_WARN_UNREACHABLE_CODE = YES;
				CLANG_WARN__DUPLICATE_METHOD_MATCH = YES;
				"CODE_SIGN_IDENTITY[sdk=iphoneos*]" = "iPhone Developer";
				COPY_PHASE_STRIP = NO;
				DEBUG_INFORMATION_FORMAT = "dwarf-with-dsym";
				ENABLE_NS_ASSERTIONS = NO;
				ENABLE_STRICT_OBJC_MSGSEND = YES;
				GCC_C_LANGUAGE_STANDARD = gnu99;
				GCC_NO_COMMON_BLOCKS = YES;
				GCC_WARN_64_TO_32_BIT_CONVERSION = YES;
				GCC_WARN_ABOUT_RETURN_TYPE = YES_ERROR;
				GCC_WARN_UNDECLARED_SELECTOR = YES;
				GCC_WARN_UNINITIALIZED_AUTOS = YES_AGGRESSIVE;
				GCC_WARN_UNUSED_FUNCTION = YES;
				GCC_WARN_UNUSED_VARIABLE = YES;
				IPHONEOS_DEPLOYMENT_TARGET = 10.0;
				MTL_ENABLE_DEBUG_INFO = NO;
				SDKROOT = iphoneos;
				VALIDATE_PRODUCT = YES;
			};
			name = Release;
		};
		358BE0BD1DD4214F00044A9F /* Debug */ = {
			isa = XCBuildConfiguration;
			baseConfigurationReference = BF3D2370AD7254AAE7834239 /* Pods-Green carpenter Home.debug.xcconfig */;
			buildSettings = {
				ASSETCATALOG_COMPILER_APPICON_NAME = AppIcon;
				DEVELOPMENT_TEAM = K786QX52SJ;
				INFOPLIST_FILE = "Green carpenter Home/Info.plist";
				IPHONEOS_DEPLOYMENT_TARGET = 8.0;
				LD_RUNPATH_SEARCH_PATHS = "$(inherited) @executable_path/Frameworks";
				PRODUCT_BUNDLE_IDENTIFIER = "com.tianlan.Green-carpenter-Home";
				PRODUCT_NAME = "$(TARGET_NAME)";
			};
			name = Debug;
		};
		358BE0BE1DD4214F00044A9F /* Release */ = {
			isa = XCBuildConfiguration;
			baseConfigurationReference = 65FF5477D821C281F1A58FBB /* Pods-Green carpenter Home.release.xcconfig */;
			buildSettings = {
				ASSETCATALOG_COMPILER_APPICON_NAME = AppIcon;
				DEVELOPMENT_TEAM = K786QX52SJ;
				INFOPLIST_FILE = "Green carpenter Home/Info.plist";
				IPHONEOS_DEPLOYMENT_TARGET = 8.0;
				LD_RUNPATH_SEARCH_PATHS = "$(inherited) @executable_path/Frameworks";
				PRODUCT_BUNDLE_IDENTIFIER = "com.tianlan.Green-carpenter-Home";
				PRODUCT_NAME = "$(TARGET_NAME)";
			};
			name = Release;
		};
/* End XCBuildConfiguration section */

/* Begin XCConfigurationList section */
		358BE0A01DD4214F00044A9F /* Build configuration list for PBXProject "Green carpenter Home" */ = {
			isa = XCConfigurationList;
			buildConfigurations = (
				358BE0BA1DD4214F00044A9F /* Debug */,
				358BE0BB1DD4214F00044A9F /* Release */,
			);
			defaultConfigurationIsVisible = 0;
			defaultConfigurationName = Release;
		};
		358BE0BC1DD4214F00044A9F /* Build configuration list for PBXNativeTarget "Green carpenter Home" */ = {
			isa = XCConfigurationList;
			buildConfigurations = (
				358BE0BD1DD4214F00044A9F /* Debug */,
				358BE0BE1DD4214F00044A9F /* Release */,
			);
			defaultConfigurationIsVisible = 0;
			defaultConfigurationName = Release;
		};
/* End XCConfigurationList section */
	};
	rootObject = 358BE09D1DD4214F00044A9F /* Project object */;
}
